
Microsoft Visual Studio Solution File, Format Version 12.00
# Visual Studio Version 17
VisualStudioVersion = 17.8.34408.163
MinimumVisualStudioVersion = 10.0.40219.1
Project("{FAE04EC0-301F-11D3-BF4B-00C04F79EFBC}") = "UC2", "UC1\UC2.csproj", "{5186E396-08D2-4C95-B43D-2E162B78D222}"
EndProject
Global
	GlobalSection(SolutionConfigurationPlatforms) = preSolution
		Debug|Any CPU = Debug|Any CPU
		Release|Any CPU = Release|Any CPU
	EndGlobalSection
	GlobalSection(ProjectConfigurationPlatforms) = postSolution
		{5186E396-08D2-4C95-B43D-2E162B78D222}.Debug|Any CPU.ActiveCfg = Debug|Any CPU
		{5186E396-08D2-4C95-B43D-2E162B78D222}.Debug|Any CPU.Build.0 = Debug|Any CPU
		{5186E396-08D2-4C95-B43D-2E162B78D222}.Release|Any CPU.ActiveCfg = Release|Any CPU
		{5186E396-08D2-4C95-B43D-2E162B78D222}.Release|Any CPU.Build.0 = Release|Any CPU
	EndGlobalSection
	GlobalSection(SolutionProperties) = preSolution
		HideSolutionNode = FALSE
	EndGlobalSection
	GlobalSection(ExtensibilityGlobals) = postSolution
		SolutionGuid = {035C01C6-F9A5-4F4B-9CF5-BF9942475DEF}
	EndGlobalSection
EndGlobal
