
Microsoft Visual Studio Solution File, Format Version 12.00
# Visual Studio Version 17
VisualStudioVersion = 17.8.34408.163
MinimumVisualStudioVersion = 10.0.40219.1
Project("{FAE04EC0-301F-11D3-BF4B-00C04F79EFBC}") = "UC3", "UC3\UC3.csproj", "{EBB08EFC-9801-4E5A-9D32-D6FD6D21CC69}"
EndProject
Global
	GlobalSection(SolutionConfigurationPlatforms) = preSolution
		Debug|Any CPU = Debug|Any CPU
		Release|Any CPU = Release|Any CPU
	EndGlobalSection
	GlobalSection(ProjectConfigurationPlatforms) = postSolution
		{EBB08EFC-9801-4E5A-9D32-D6FD6D21CC69}.Debug|Any CPU.ActiveCfg = Debug|Any CPU
		{EBB08EFC-9801-4E5A-9D32-D6FD6D21CC69}.Debug|Any CPU.Build.0 = Debug|Any CPU
		{EBB08EFC-9801-4E5A-9D32-D6FD6D21CC69}.Release|Any CPU.ActiveCfg = Release|Any CPU
		{EBB08EFC-9801-4E5A-9D32-D6FD6D21CC69}.Release|Any CPU.Build.0 = Release|Any CPU
	EndGlobalSection
	GlobalSection(SolutionProperties) = preSolution
		HideSolutionNode = FALSE
	EndGlobalSection
	GlobalSection(ExtensibilityGlobals) = postSolution
		SolutionGuid = {73A8DA0A-8CC5-40F6-B318-E9E85EF9A165}
	EndGlobalSection
EndGlobal
